
Microsoft Visual Studio Solution File, Format Version 12.00
# Visual Studio Version 17
VisualStudioVersion = 17.4.33213.308
MinimumVisualStudioVersion = 10.0.40219.1
Project("{FAE04EC0-301F-11D3-BF4B-00C04F79EFBC}") = "MiniCore", "MiniCore.csproj", "{BC51FC6F-721B-4838-AC20-D4554575FE8D}"
EndProject
Project("{FAE04EC0-301F-11D3-BF4B-00C04F79EFBC}") = "Entidades", "..\Entidades\Entidades.csproj", "{F4019C62-D489-4E72-B098-2FB5D09E6466}"
EndProject
Project("{FAE04EC0-301F-11D3-BF4B-00C04F79EFBC}") = "Datos", "..\Datos\Datos.csproj", "{867E6B1B-E0F3-4A54-ACF4-2DC6310D4CA2}"
EndProject
Global
	GlobalSection(SolutionConfigurationPlatforms) = preSolution
		Debug|Any CPU = Debug|Any CPU
		Release|Any CPU = Release|Any CPU
	EndGlobalSection
	GlobalSection(ProjectConfigurationPlatforms) = postSolution
		{BC51FC6F-721B-4838-AC20-D4554575FE8D}.Debug|Any CPU.ActiveCfg = Debug|Any CPU
		{BC51FC6F-721B-4838-AC20-D4554575FE8D}.Debug|Any CPU.Build.0 = Debug|Any CPU
		{BC51FC6F-721B-4838-AC20-D4554575FE8D}.Release|Any CPU.ActiveCfg = Release|Any CPU
		{BC51FC6F-721B-4838-AC20-D4554575FE8D}.Release|Any CPU.Build.0 = Release|Any CPU
		{F4019C62-D489-4E72-B098-2FB5D09E6466}.Debug|Any CPU.ActiveCfg = Debug|Any CPU
		{F4019C62-D489-4E72-B098-2FB5D09E6466}.Debug|Any CPU.Build.0 = Debug|Any CPU
		{F4019C62-D489-4E72-B098-2FB5D09E6466}.Release|Any CPU.ActiveCfg = Release|Any CPU
		{F4019C62-D489-4E72-B098-2FB5D09E6466}.Release|Any CPU.Build.0 = Release|Any CPU
		{867E6B1B-E0F3-4A54-ACF4-2DC6310D4CA2}.Debug|Any CPU.ActiveCfg = Debug|Any CPU
		{867E6B1B-E0F3-4A54-ACF4-2DC6310D4CA2}.Debug|Any CPU.Build.0 = Debug|Any CPU
		{867E6B1B-E0F3-4A54-ACF4-2DC6310D4CA2}.Release|Any CPU.ActiveCfg = Release|Any CPU
		{867E6B1B-E0F3-4A54-ACF4-2DC6310D4CA2}.Release|Any CPU.Build.0 = Release|Any CPU
	EndGlobalSection
	GlobalSection(SolutionProperties) = preSolution
		HideSolutionNode = FALSE
	EndGlobalSection
	GlobalSection(ExtensibilityGlobals) = postSolution
		SolutionGuid = {ADAA9050-D77A-4909-A439-0FB6AA825356}
	EndGlobalSection
EndGlobal
